
Microsoft Visual Studio Solution File, Format Version 11.00
# Visual Studio 2010
Project("{FAE04EC0-301F-11D3-BF4B-00C04F79EFBC}") = "EquationFinderContent", "EquationFinderContent\EquationFinderContent.contentproj", "{63757A35-1283-4496-AA74-DECED64CA6CF}"
EndProject
Project("{FAE04EC0-301F-11D3-BF4B-00C04F79EFBC}") = "EquationFinder", "EquationFinder\EquationFinder.csproj", "{1CEF3523-7BD6-4F02-A12A-92F324AC270E}"
EndProject
Global
	GlobalSection(SolutionConfigurationPlatforms) = preSolution
		Debug|Any CPU = Debug|Any CPU
		Debug|Mixed Platforms = Debug|Mixed Platforms
		Debug|x86 = Debug|x86
		Debug|Xbox 360 = Debug|Xbox 360
		Release|Any CPU = Release|Any CPU
		Release|Mixed Platforms = Release|Mixed Platforms
		Release|x86 = Release|x86
		Release|Xbox 360 = Release|Xbox 360
	EndGlobalSection
	GlobalSection(ProjectConfigurationPlatforms) = postSolution
		{63757A35-1283-4496-AA74-DECED64CA6CF}.Debug|Any CPU.ActiveCfg = Debug|x86
		{63757A35-1283-4496-AA74-DECED64CA6CF}.Debug|Mixed Platforms.ActiveCfg = Debug|x86
		{63757A35-1283-4496-AA74-DECED64CA6CF}.Debug|x86.ActiveCfg = Debug|x86
		{63757A35-1283-4496-AA74-DECED64CA6CF}.Debug|Xbox 360.ActiveCfg = Debug|x86
		{63757A35-1283-4496-AA74-DECED64CA6CF}.Release|Any CPU.ActiveCfg = Release|x86
		{63757A35-1283-4496-AA74-DECED64CA6CF}.Release|Mixed Platforms.ActiveCfg = Release|x86
		{63757A35-1283-4496-AA74-DECED64CA6CF}.Release|x86.ActiveCfg = Release|x86
		{63757A35-1283-4496-AA74-DECED64CA6CF}.Release|Xbox 360.ActiveCfg = Release|x86
		{1CEF3523-7BD6-4F02-A12A-92F324AC270E}.Debug|Any CPU.ActiveCfg = Debug|x86
		{1CEF3523-7BD6-4F02-A12A-92F324AC270E}.Debug|Mixed Platforms.ActiveCfg = Debug|x86
		{1CEF3523-7BD6-4F02-A12A-92F324AC270E}.Debug|Mixed Platforms.Build.0 = Debug|x86
		{1CEF3523-7BD6-4F02-A12A-92F324AC270E}.Debug|x86.ActiveCfg = Debug|x86
		{1CEF3523-7BD6-4F02-A12A-92F324AC270E}.Debug|x86.Build.0 = Debug|x86
		{1CEF3523-7BD6-4F02-A12A-92F324AC270E}.Debug|Xbox 360.ActiveCfg = Debug|x86
		{1CEF3523-7BD6-4F02-A12A-92F324AC270E}.Debug|Xbox 360.Build.0 = Debug|x86
		{1CEF3523-7BD6-4F02-A12A-92F324AC270E}.Release|Any CPU.ActiveCfg = Release|x86
		{1CEF3523-7BD6-4F02-A12A-92F324AC270E}.Release|Mixed Platforms.ActiveCfg = Release|x86
		{1CEF3523-7BD6-4F02-A12A-92F324AC270E}.Release|Mixed Platforms.Build.0 = Release|x86
		{1CEF3523-7BD6-4F02-A12A-92F324AC270E}.Release|x86.ActiveCfg = Release|x86
		{1CEF3523-7BD6-4F02-A12A-92F324AC270E}.Release|x86.Build.0 = Release|x86
		{1CEF3523-7BD6-4F02-A12A-92F324AC270E}.Release|Xbox 360.ActiveCfg = Release|x86
		{1CEF3523-7BD6-4F02-A12A-92F324AC270E}.Release|Xbox 360.Build.0 = Release|x86
	EndGlobalSection
	GlobalSection(SolutionProperties) = preSolution
		HideSolutionNode = FALSE
	EndGlobalSection
EndGlobal
